
Microsoft Visual Studio Solution File, Format Version 12.00
# Visual Studio Version 16
VisualStudioVersion = 25.0.1703.8
MinimumVisualStudioVersion = 10.0.40219.1
Project("{FAE04EC0-301F-11D3-BF4B-00C04F79EFBC}") = "SalewWebMvc", "SalewWebMvc\SalewWebMvc.csproj", "{8740207B-306E-4CA9-9043-35D1D6A65E1E}"
EndProject
Global
	GlobalSection(SolutionConfigurationPlatforms) = preSolution
		Debug|Any CPU = Debug|Any CPU
		Release|Any CPU = Release|Any CPU
	EndGlobalSection
	GlobalSection(ProjectConfigurationPlatforms) = postSolution
		{8740207B-306E-4CA9-9043-35D1D6A65E1E}.Debug|Any CPU.ActiveCfg = Debug|Any CPU
		{8740207B-306E-4CA9-9043-35D1D6A65E1E}.Debug|Any CPU.Build.0 = Debug|Any CPU
		{8740207B-306E-4CA9-9043-35D1D6A65E1E}.Release|Any CPU.ActiveCfg = Release|Any CPU
		{8740207B-306E-4CA9-9043-35D1D6A65E1E}.Release|Any CPU.Build.0 = Release|Any CPU
	EndGlobalSection
	GlobalSection(SolutionProperties) = preSolution
		HideSolutionNode = FALSE
	EndGlobalSection
	GlobalSection(ExtensibilityGlobals) = postSolution
		SolutionGuid = {C6F02917-39AB-46F2-B5EF-82BF04F8509F}
	EndGlobalSection
EndGlobal
